
Microsoft Visual Studio Solution File, Format Version 12.00
# Visual Studio Version 16
VisualStudioVersion = 16.0.28803.452
MinimumVisualStudioVersion = 10.0.40219.1
Project("{FAE04EC0-301F-11D3-BF4B-00C04F79EFBC}") = "Linear Equation Solver", "Linear Equation Solver\Linear Equation Solver.csproj", "{79894A2C-E8BB-4E43-B4C1-81F4508C357E}"
EndProject
Global
	GlobalSection(SolutionConfigurationPlatforms) = preSolution
		Debug|Any CPU = Debug|Any CPU
		Release|Any CPU = Release|Any CPU
	EndGlobalSection
	GlobalSection(ProjectConfigurationPlatforms) = postSolution
		{79894A2C-E8BB-4E43-B4C1-81F4508C357E}.Debug|Any CPU.ActiveCfg = Debug|Any CPU
		{79894A2C-E8BB-4E43-B4C1-81F4508C357E}.Debug|Any CPU.Build.0 = Debug|Any CPU
		{79894A2C-E8BB-4E43-B4C1-81F4508C357E}.Release|Any CPU.ActiveCfg = Release|Any CPU
		{79894A2C-E8BB-4E43-B4C1-81F4508C357E}.Release|Any CPU.Build.0 = Release|Any CPU
	EndGlobalSection
	GlobalSection(SolutionProperties) = preSolution
		HideSolutionNode = FALSE
	EndGlobalSection
	GlobalSection(ExtensibilityGlobals) = postSolution
		SolutionGuid = {0AAF1955-29D5-4A2D-B506-805B6F4E71E7}
	EndGlobalSection
EndGlobal
