
Microsoft Visual Studio Solution File, Format Version 12.00
# Visual Studio Version 16
VisualStudioVersion = 16.0.29001.49
MinimumVisualStudioVersion = 10.0.40219.1
Project("{FAE04EC0-301F-11D3-BF4B-00C04F79EFBC}") = "Non Linear Equation Solver", "Non Linear Equation Solver.csproj", "{9CE1335A-FD93-4C69-9FF3-E72CD142FF32}"
EndProject
Global
	GlobalSection(SolutionConfigurationPlatforms) = preSolution
		Debug|Any CPU = Debug|Any CPU
		Release|Any CPU = Release|Any CPU
	EndGlobalSection
	GlobalSection(ProjectConfigurationPlatforms) = postSolution
		{9CE1335A-FD93-4C69-9FF3-E72CD142FF32}.Debug|Any CPU.ActiveCfg = Debug|Any CPU
		{9CE1335A-FD93-4C69-9FF3-E72CD142FF32}.Debug|Any CPU.Build.0 = Debug|Any CPU
		{9CE1335A-FD93-4C69-9FF3-E72CD142FF32}.Release|Any CPU.ActiveCfg = Release|Any CPU
		{9CE1335A-FD93-4C69-9FF3-E72CD142FF32}.Release|Any CPU.Build.0 = Release|Any CPU
	EndGlobalSection
	GlobalSection(SolutionProperties) = preSolution
		HideSolutionNode = FALSE
	EndGlobalSection
	GlobalSection(ExtensibilityGlobals) = postSolution
		SolutionGuid = {58A73DC6-D88D-4F9F-8F1B-9D099BB5B178}
	EndGlobalSection
EndGlobal
